
Microsoft Visual Studio Solution File, Format Version 12.00
# Visual Studio Version 16
VisualStudioVersion = 16.0.30611.23
MinimumVisualStudioVersion = 10.0.40219.1
Project("{FAE04EC0-301F-11D3-BF4B-00C04F79EFBC}") = "dotNet5781_00_6671_6650", "dotNet5781_00_6671_6650\dotNet5781_00_6671_6650.csproj", "{4BFF8915-59BF-401D-98F9-1EA16EE764DE}"
EndProject
Project("{FAE04EC0-301F-11D3-BF4B-00C04F79EFBC}") = "dotNet5781_01_6671_6650", "dotNet5781_01_6671_6650\dotNet5781_01_6671_6650.csproj", "{E350703F-58EF-4B95-8799-B035EF273EA1}"
EndProject
Project("{FAE04EC0-301F-11D3-BF4B-00C04F79EFBC}") = "dotNet5781_02_6671_6650", "dotNet5781_02_6671_6650\dotNet5781_02_6671_6650.csproj", "{5D696ED7-2766-4CDE-B2E1-116C49A928F8}"
EndProject
Project("{FAE04EC0-301F-11D3-BF4B-00C04F79EFBC}") = "dotNet5781_03A_6671_6650", "dotNet5781_03A_6671_6650\dotNet5781_03A_6671_6650.csproj", "{BA551403-49AF-4D5D-8F80-9DC7AF1D1A2D}"
EndProject
Project("{FAE04EC0-301F-11D3-BF4B-00C04F79EFBC}") = "dotNet5781_03B_6671_6650", "dotNet5781_03B_6671_6650\dotNet5781_03B_6671_6650.csproj", "{84BA96BA-FF21-4D5E-A341-776BF8A514DD}"
EndProject
Global
	GlobalSection(SolutionConfigurationPlatforms) = preSolution
		Debug|Any CPU = Debug|Any CPU
		Debug|x64 = Debug|x64
		Release|Any CPU = Release|Any CPU
		Release|x64 = Release|x64
	EndGlobalSection
	GlobalSection(ProjectConfigurationPlatforms) = postSolution
		{4BFF8915-59BF-401D-98F9-1EA16EE764DE}.Debug|Any CPU.ActiveCfg = Debug|Any CPU
		{4BFF8915-59BF-401D-98F9-1EA16EE764DE}.Debug|Any CPU.Build.0 = Debug|Any CPU
		{4BFF8915-59BF-401D-98F9-1EA16EE764DE}.Debug|x64.ActiveCfg = Debug|x64
		{4BFF8915-59BF-401D-98F9-1EA16EE764DE}.Debug|x64.Build.0 = Debug|x64
		{4BFF8915-59BF-401D-98F9-1EA16EE764DE}.Release|Any CPU.ActiveCfg = Release|Any CPU
		{4BFF8915-59BF-401D-98F9-1EA16EE764DE}.Release|Any CPU.Build.0 = Release|Any CPU
		{4BFF8915-59BF-401D-98F9-1EA16EE764DE}.Release|x64.ActiveCfg = Release|x64
		{4BFF8915-59BF-401D-98F9-1EA16EE764DE}.Release|x64.Build.0 = Release|x64
		{E350703F-58EF-4B95-8799-B035EF273EA1}.Debug|Any CPU.ActiveCfg = Debug|Any CPU
		{E350703F-58EF-4B95-8799-B035EF273EA1}.Debug|Any CPU.Build.0 = Debug|Any CPU
		{E350703F-58EF-4B95-8799-B035EF273EA1}.Debug|x64.ActiveCfg = Debug|x64
		{E350703F-58EF-4B95-8799-B035EF273EA1}.Debug|x64.Build.0 = Debug|x64
		{E350703F-58EF-4B95-8799-B035EF273EA1}.Release|Any CPU.ActiveCfg = Release|Any CPU
		{E350703F-58EF-4B95-8799-B035EF273EA1}.Release|Any CPU.Build.0 = Release|Any CPU
		{E350703F-58EF-4B95-8799-B035EF273EA1}.Release|x64.ActiveCfg = Release|x64
		{E350703F-58EF-4B95-8799-B035EF273EA1}.Release|x64.Build.0 = Release|x64
		{5D696ED7-2766-4CDE-B2E1-116C49A928F8}.Debug|Any CPU.ActiveCfg = Debug|Any CPU
		{5D696ED7-2766-4CDE-B2E1-116C49A928F8}.Debug|Any CPU.Build.0 = Debug|Any CPU
		{5D696ED7-2766-4CDE-B2E1-116C49A928F8}.Debug|x64.ActiveCfg = Debug|x64
		{5D696ED7-2766-4CDE-B2E1-116C49A928F8}.Debug|x64.Build.0 = Debug|x64
		{5D696ED7-2766-4CDE-B2E1-116C49A928F8}.Release|Any CPU.ActiveCfg = Release|Any CPU
		{5D696ED7-2766-4CDE-B2E1-116C49A928F8}.Release|Any CPU.Build.0 = Release|Any CPU
		{5D696ED7-2766-4CDE-B2E1-116C49A928F8}.Release|x64.ActiveCfg = Release|x64
		{5D696ED7-2766-4CDE-B2E1-116C49A928F8}.Release|x64.Build.0 = Release|x64
		{BA551403-49AF-4D5D-8F80-9DC7AF1D1A2D}.Debug|Any CPU.ActiveCfg = Debug|Any CPU
		{BA551403-49AF-4D5D-8F80-9DC7AF1D1A2D}.Debug|Any CPU.Build.0 = Debug|Any CPU
		{BA551403-49AF-4D5D-8F80-9DC7AF1D1A2D}.Debug|x64.ActiveCfg = Debug|Any CPU
		{BA551403-49AF-4D5D-8F80-9DC7AF1D1A2D}.Debug|x64.Build.0 = Debug|Any CPU
		{BA551403-49AF-4D5D-8F80-9DC7AF1D1A2D}.Release|Any CPU.ActiveCfg = Release|Any CPU
		{BA551403-49AF-4D5D-8F80-9DC7AF1D1A2D}.Release|Any CPU.Build.0 = Release|Any CPU
		{BA551403-49AF-4D5D-8F80-9DC7AF1D1A2D}.Release|x64.ActiveCfg = Release|Any CPU
		{BA551403-49AF-4D5D-8F80-9DC7AF1D1A2D}.Release|x64.Build.0 = Release|Any CPU
		{84BA96BA-FF21-4D5E-A341-776BF8A514DD}.Debug|Any CPU.ActiveCfg = Debug|Any CPU
		{84BA96BA-FF21-4D5E-A341-776BF8A514DD}.Debug|Any CPU.Build.0 = Debug|Any CPU
		{84BA96BA-FF21-4D5E-A341-776BF8A514DD}.Debug|x64.ActiveCfg = Debug|Any CPU
		{84BA96BA-FF21-4D5E-A341-776BF8A514DD}.Debug|x64.Build.0 = Debug|Any CPU
		{84BA96BA-FF21-4D5E-A341-776BF8A514DD}.Release|Any CPU.ActiveCfg = Release|Any CPU
		{84BA96BA-FF21-4D5E-A341-776BF8A514DD}.Release|Any CPU.Build.0 = Release|Any CPU
		{84BA96BA-FF21-4D5E-A341-776BF8A514DD}.Release|x64.ActiveCfg = Release|Any CPU
		{84BA96BA-FF21-4D5E-A341-776BF8A514DD}.Release|x64.Build.0 = Release|Any CPU
	EndGlobalSection
	GlobalSection(SolutionProperties) = preSolution
		HideSolutionNode = FALSE
	EndGlobalSection
	GlobalSection(ExtensibilityGlobals) = postSolution
		SolutionGuid = {750C03F0-5FE4-496B-8269-19F118EE6C26}
	EndGlobalSection
EndGlobal
