
Microsoft Visual Studio Solution File, Format Version 12.00
# Visual Studio Version 16
VisualStudioVersion = 16.0.30611.23
MinimumVisualStudioVersion = 10.0.40219.1
Project("{FAE04EC0-301F-11D3-BF4B-00C04F79EFBC}") = "dotNet5781_00_6671_6650", "dotNet5781_00_6671_6650\dotNet5781_00_6671_6650.csproj", "{4BFF8915-59BF-401D-98F9-1EA16EE764DE}"
EndProject
Project("{FAE04EC0-301F-11D3-BF4B-00C04F79EFBC}") = "dotNet5781_01_6671_6650", "dotNet5781_01_6671_6650\dotNet5781_01_6671_6650.csproj", "{E350703F-58EF-4B95-8799-B035EF273EA1}"
EndProject
Project("{FAE04EC0-301F-11D3-BF4B-00C04F79EFBC}") = "dotNet5781_02_6671_6650", "dotNet5781_02_6671_6650\dotNet5781_02_6671_6650.csproj", "{5D696ED7-2766-4CDE-B2E1-116C49A928F8}"
EndProject
Project("{FAE04EC0-301F-11D3-BF4B-00C04F79EFBC}") = "dotNet5781_03A_6671_6650", "dotNet5781_03A_6671_6650\dotNet5781_03A_6671_6650.csproj", "{BA551403-49AF-4D5D-8F80-9DC7AF1D1A2D}"
EndProject
Project("{FAE04EC0-301F-11D3-BF4B-00C04F79EFBC}") = "dotNet5781_03B_6671_6650", "dotNet5781_03B_6671_6650\dotNet5781_03B_6671_6650.csproj", "{84BA96BA-FF21-4D5E-A341-776BF8A514DD}"
EndProject
Project("{FAE04EC0-301F-11D3-BF4B-00C04F79EFBC}") = "PlGui", "PlGui\PlGui.csproj", "{00193676-635A-46AC-9E1E-EBF91AD4DAB7}"
EndProject
Project("{FAE04EC0-301F-11D3-BF4B-00C04F79EFBC}") = "BL", "BL\BL.csproj", "{0D176B02-BE17-4A5A-8EFA-25A3A62FD19D}"
	ProjectSection(ProjectDependencies) = postProject
		{F0FC4F83-7533-4920-980C-41F2993DBB7F} = {F0FC4F83-7533-4920-980C-41F2993DBB7F}
		{E33B1EA0-1E83-49FF-B644-F28FE19B6DFF} = {E33B1EA0-1E83-49FF-B644-F28FE19B6DFF}
	EndProjectSection
EndProject
Project("{2150E333-8FDC-42A3-9474-1A3956D46DE8}") = "dotNet5781_Project", "dotNet5781_Project", "{1CCDE1E6-D72B-49FE-A3EF-09FDD3F98EE9}"
EndProject
Project("{FAE04EC0-301F-11D3-BF4B-00C04F79EFBC}") = "DalApi", "DalApi\DalApi.csproj", "{35360CDF-1C65-48C0-B211-C1B70D5CEEEF}"
EndProject
Project("{FAE04EC0-301F-11D3-BF4B-00C04F79EFBC}") = "DalObject", "DalObject\DalObject.csproj", "{F0FC4F83-7533-4920-980C-41F2993DBB7F}"
EndProject
Project("{FAE04EC0-301F-11D3-BF4B-00C04F79EFBC}") = "DS", "DS\DS.csproj", "{A1EA6B85-338F-46D0-8994-B820DB5AC3F2}"
EndProject
Project("{FAE04EC0-301F-11D3-BF4B-00C04F79EFBC}") = "DalXml", "DalXml\DalXml.csproj", "{E33B1EA0-1E83-49FF-B644-F28FE19B6DFF}"
EndProject
Project("{2150E333-8FDC-42A3-9474-1A3956D46DE8}") = "Solution Items", "Solution Items", "{C3A169D5-2B94-4C4C-978B-052F46DF05C7}"
	ProjectSection(SolutionItems) = preProject
		bin\xml\AdjacentStationsXml.xml = bin\xml\AdjacentStationsXml.xml
		bin\xml\BusXml.xml = bin\xml\BusXml.xml
		bin\config.xml = bin\config.xml
		bin\xml\LineStationXml.xml = bin\xml\LineStationXml.xml
		bin\xml\LineXml.xml = bin\xml\LineXml.xml
		bin\xml\StatoinXml.xml = bin\xml\StatoinXml.xml
	EndProjectSection
EndProject
Global
	GlobalSection(SolutionConfigurationPlatforms) = preSolution
		Debug|Any CPU = Debug|Any CPU
		Debug|x64 = Debug|x64
		Release|Any CPU = Release|Any CPU
		Release|x64 = Release|x64
	EndGlobalSection
	GlobalSection(ProjectConfigurationPlatforms) = postSolution
		{4BFF8915-59BF-401D-98F9-1EA16EE764DE}.Debug|Any CPU.ActiveCfg = Debug|Any CPU
		{4BFF8915-59BF-401D-98F9-1EA16EE764DE}.Debug|Any CPU.Build.0 = Debug|Any CPU
		{4BFF8915-59BF-401D-98F9-1EA16EE764DE}.Debug|x64.ActiveCfg = Debug|x64
		{4BFF8915-59BF-401D-98F9-1EA16EE764DE}.Debug|x64.Build.0 = Debug|x64
		{4BFF8915-59BF-401D-98F9-1EA16EE764DE}.Release|Any CPU.ActiveCfg = Release|Any CPU
		{4BFF8915-59BF-401D-98F9-1EA16EE764DE}.Release|Any CPU.Build.0 = Release|Any CPU
		{4BFF8915-59BF-401D-98F9-1EA16EE764DE}.Release|x64.ActiveCfg = Release|x64
		{4BFF8915-59BF-401D-98F9-1EA16EE764DE}.Release|x64.Build.0 = Release|x64
		{E350703F-58EF-4B95-8799-B035EF273EA1}.Debug|Any CPU.ActiveCfg = Debug|Any CPU
		{E350703F-58EF-4B95-8799-B035EF273EA1}.Debug|Any CPU.Build.0 = Debug|Any CPU
		{E350703F-58EF-4B95-8799-B035EF273EA1}.Debug|x64.ActiveCfg = Debug|x64
		{E350703F-58EF-4B95-8799-B035EF273EA1}.Debug|x64.Build.0 = Debug|x64
		{E350703F-58EF-4B95-8799-B035EF273EA1}.Release|Any CPU.ActiveCfg = Release|Any CPU
		{E350703F-58EF-4B95-8799-B035EF273EA1}.Release|Any CPU.Build.0 = Release|Any CPU
		{E350703F-58EF-4B95-8799-B035EF273EA1}.Release|x64.ActiveCfg = Release|x64
		{E350703F-58EF-4B95-8799-B035EF273EA1}.Release|x64.Build.0 = Release|x64
		{5D696ED7-2766-4CDE-B2E1-116C49A928F8}.Debug|Any CPU.ActiveCfg = Debug|Any CPU
		{5D696ED7-2766-4CDE-B2E1-116C49A928F8}.Debug|Any CPU.Build.0 = Debug|Any CPU
		{5D696ED7-2766-4CDE-B2E1-116C49A928F8}.Debug|x64.ActiveCfg = Debug|x64
		{5D696ED7-2766-4CDE-B2E1-116C49A928F8}.Debug|x64.Build.0 = Debug|x64
		{5D696ED7-2766-4CDE-B2E1-116C49A928F8}.Release|Any CPU.ActiveCfg = Release|Any CPU
		{5D696ED7-2766-4CDE-B2E1-116C49A928F8}.Release|Any CPU.Build.0 = Release|Any CPU
		{5D696ED7-2766-4CDE-B2E1-116C49A928F8}.Release|x64.ActiveCfg = Release|x64
		{5D696ED7-2766-4CDE-B2E1-116C49A928F8}.Release|x64.Build.0 = Release|x64
		{BA551403-49AF-4D5D-8F80-9DC7AF1D1A2D}.Debug|Any CPU.ActiveCfg = Debug|Any CPU
		{BA551403-49AF-4D5D-8F80-9DC7AF1D1A2D}.Debug|Any CPU.Build.0 = Debug|Any CPU
		{BA551403-49AF-4D5D-8F80-9DC7AF1D1A2D}.Debug|x64.ActiveCfg = Debug|Any CPU
		{BA551403-49AF-4D5D-8F80-9DC7AF1D1A2D}.Debug|x64.Build.0 = Debug|Any CPU
		{BA551403-49AF-4D5D-8F80-9DC7AF1D1A2D}.Release|Any CPU.ActiveCfg = Release|Any CPU
		{BA551403-49AF-4D5D-8F80-9DC7AF1D1A2D}.Release|Any CPU.Build.0 = Release|Any CPU
		{BA551403-49AF-4D5D-8F80-9DC7AF1D1A2D}.Release|x64.ActiveCfg = Release|Any CPU
		{BA551403-49AF-4D5D-8F80-9DC7AF1D1A2D}.Release|x64.Build.0 = Release|Any CPU
		{84BA96BA-FF21-4D5E-A341-776BF8A514DD}.Debug|Any CPU.ActiveCfg = Debug|Any CPU
		{84BA96BA-FF21-4D5E-A341-776BF8A514DD}.Debug|Any CPU.Build.0 = Debug|Any CPU
		{84BA96BA-FF21-4D5E-A341-776BF8A514DD}.Debug|x64.ActiveCfg = Debug|Any CPU
		{84BA96BA-FF21-4D5E-A341-776BF8A514DD}.Debug|x64.Build.0 = Debug|Any CPU
		{84BA96BA-FF21-4D5E-A341-776BF8A514DD}.Release|Any CPU.ActiveCfg = Release|Any CPU
		{84BA96BA-FF21-4D5E-A341-776BF8A514DD}.Release|Any CPU.Build.0 = Release|Any CPU
		{84BA96BA-FF21-4D5E-A341-776BF8A514DD}.Release|x64.ActiveCfg = Release|Any CPU
		{84BA96BA-FF21-4D5E-A341-776BF8A514DD}.Release|x64.Build.0 = Release|Any CPU
		{00193676-635A-46AC-9E1E-EBF91AD4DAB7}.Debug|Any CPU.ActiveCfg = Debug|Any CPU
		{00193676-635A-46AC-9E1E-EBF91AD4DAB7}.Debug|Any CPU.Build.0 = Debug|Any CPU
		{00193676-635A-46AC-9E1E-EBF91AD4DAB7}.Debug|x64.ActiveCfg = Debug|Any CPU
		{00193676-635A-46AC-9E1E-EBF91AD4DAB7}.Debug|x64.Build.0 = Debug|Any CPU
		{00193676-635A-46AC-9E1E-EBF91AD4DAB7}.Release|Any CPU.ActiveCfg = Release|Any CPU
		{00193676-635A-46AC-9E1E-EBF91AD4DAB7}.Release|Any CPU.Build.0 = Release|Any CPU
		{00193676-635A-46AC-9E1E-EBF91AD4DAB7}.Release|x64.ActiveCfg = Release|Any CPU
		{00193676-635A-46AC-9E1E-EBF91AD4DAB7}.Release|x64.Build.0 = Release|Any CPU
		{0D176B02-BE17-4A5A-8EFA-25A3A62FD19D}.Debug|Any CPU.ActiveCfg = Debug|Any CPU
		{0D176B02-BE17-4A5A-8EFA-25A3A62FD19D}.Debug|Any CPU.Build.0 = Debug|Any CPU
		{0D176B02-BE17-4A5A-8EFA-25A3A62FD19D}.Debug|x64.ActiveCfg = Debug|Any CPU
		{0D176B02-BE17-4A5A-8EFA-25A3A62FD19D}.Debug|x64.Build.0 = Debug|Any CPU
		{0D176B02-BE17-4A5A-8EFA-25A3A62FD19D}.Release|Any CPU.ActiveCfg = Release|Any CPU
		{0D176B02-BE17-4A5A-8EFA-25A3A62FD19D}.Release|Any CPU.Build.0 = Release|Any CPU
		{0D176B02-BE17-4A5A-8EFA-25A3A62FD19D}.Release|x64.ActiveCfg = Release|Any CPU
		{0D176B02-BE17-4A5A-8EFA-25A3A62FD19D}.Release|x64.Build.0 = Release|Any CPU
		{35360CDF-1C65-48C0-B211-C1B70D5CEEEF}.Debug|Any CPU.ActiveCfg = Debug|Any CPU
		{35360CDF-1C65-48C0-B211-C1B70D5CEEEF}.Debug|Any CPU.Build.0 = Debug|Any CPU
		{35360CDF-1C65-48C0-B211-C1B70D5CEEEF}.Debug|x64.ActiveCfg = Debug|Any CPU
		{35360CDF-1C65-48C0-B211-C1B70D5CEEEF}.Debug|x64.Build.0 = Debug|Any CPU
		{35360CDF-1C65-48C0-B211-C1B70D5CEEEF}.Release|Any CPU.ActiveCfg = Release|Any CPU
		{35360CDF-1C65-48C0-B211-C1B70D5CEEEF}.Release|Any CPU.Build.0 = Release|Any CPU
		{35360CDF-1C65-48C0-B211-C1B70D5CEEEF}.Release|x64.ActiveCfg = Release|Any CPU
		{35360CDF-1C65-48C0-B211-C1B70D5CEEEF}.Release|x64.Build.0 = Release|Any CPU
		{F0FC4F83-7533-4920-980C-41F2993DBB7F}.Debug|Any CPU.ActiveCfg = Debug|Any CPU
		{F0FC4F83-7533-4920-980C-41F2993DBB7F}.Debug|Any CPU.Build.0 = Debug|Any CPU
		{F0FC4F83-7533-4920-980C-41F2993DBB7F}.Debug|x64.ActiveCfg = Debug|Any CPU
		{F0FC4F83-7533-4920-980C-41F2993DBB7F}.Debug|x64.Build.0 = Debug|Any CPU
		{F0FC4F83-7533-4920-980C-41F2993DBB7F}.Release|Any CPU.ActiveCfg = Release|Any CPU
		{F0FC4F83-7533-4920-980C-41F2993DBB7F}.Release|Any CPU.Build.0 = Release|Any CPU
		{F0FC4F83-7533-4920-980C-41F2993DBB7F}.Release|x64.ActiveCfg = Release|Any CPU
		{F0FC4F83-7533-4920-980C-41F2993DBB7F}.Release|x64.Build.0 = Release|Any CPU
		{A1EA6B85-338F-46D0-8994-B820DB5AC3F2}.Debug|Any CPU.ActiveCfg = Debug|Any CPU
		{A1EA6B85-338F-46D0-8994-B820DB5AC3F2}.Debug|Any CPU.Build.0 = Debug|Any CPU
		{A1EA6B85-338F-46D0-8994-B820DB5AC3F2}.Debug|x64.ActiveCfg = Debug|Any CPU
		{A1EA6B85-338F-46D0-8994-B820DB5AC3F2}.Debug|x64.Build.0 = Debug|Any CPU
		{A1EA6B85-338F-46D0-8994-B820DB5AC3F2}.Release|Any CPU.ActiveCfg = Release|Any CPU
		{A1EA6B85-338F-46D0-8994-B820DB5AC3F2}.Release|Any CPU.Build.0 = Release|Any CPU
		{A1EA6B85-338F-46D0-8994-B820DB5AC3F2}.Release|x64.ActiveCfg = Release|Any CPU
		{A1EA6B85-338F-46D0-8994-B820DB5AC3F2}.Release|x64.Build.0 = Release|Any CPU
		{E33B1EA0-1E83-49FF-B644-F28FE19B6DFF}.Debug|Any CPU.ActiveCfg = Debug|Any CPU
		{E33B1EA0-1E83-49FF-B644-F28FE19B6DFF}.Debug|Any CPU.Build.0 = Debug|Any CPU
		{E33B1EA0-1E83-49FF-B644-F28FE19B6DFF}.Debug|x64.ActiveCfg = Debug|Any CPU
		{E33B1EA0-1E83-49FF-B644-F28FE19B6DFF}.Debug|x64.Build.0 = Debug|Any CPU
		{E33B1EA0-1E83-49FF-B644-F28FE19B6DFF}.Release|Any CPU.ActiveCfg = Release|Any CPU
		{E33B1EA0-1E83-49FF-B644-F28FE19B6DFF}.Release|Any CPU.Build.0 = Release|Any CPU
		{E33B1EA0-1E83-49FF-B644-F28FE19B6DFF}.Release|x64.ActiveCfg = Release|Any CPU
		{E33B1EA0-1E83-49FF-B644-F28FE19B6DFF}.Release|x64.Build.0 = Release|Any CPU
	EndGlobalSection
	GlobalSection(SolutionProperties) = preSolution
		HideSolutionNode = FALSE
	EndGlobalSection
	GlobalSection(NestedProjects) = preSolution
		{00193676-635A-46AC-9E1E-EBF91AD4DAB7} = {1CCDE1E6-D72B-49FE-A3EF-09FDD3F98EE9}
		{0D176B02-BE17-4A5A-8EFA-25A3A62FD19D} = {1CCDE1E6-D72B-49FE-A3EF-09FDD3F98EE9}
		{35360CDF-1C65-48C0-B211-C1B70D5CEEEF} = {1CCDE1E6-D72B-49FE-A3EF-09FDD3F98EE9}
		{F0FC4F83-7533-4920-980C-41F2993DBB7F} = {1CCDE1E6-D72B-49FE-A3EF-09FDD3F98EE9}
		{A1EA6B85-338F-46D0-8994-B820DB5AC3F2} = {1CCDE1E6-D72B-49FE-A3EF-09FDD3F98EE9}
		{E33B1EA0-1E83-49FF-B644-F28FE19B6DFF} = {1CCDE1E6-D72B-49FE-A3EF-09FDD3F98EE9}
	EndGlobalSection
	GlobalSection(ExtensibilityGlobals) = postSolution
		SolutionGuid = {750C03F0-5FE4-496B-8269-19F118EE6C26}
	EndGlobalSection
EndGlobal
