
Microsoft Visual Studio Solution File, Format Version 12.00
# Visual Studio Version 16
VisualStudioVersion = 16.0.30611.23
MinimumVisualStudioVersion = 10.0.40219.1
Project("{FAE04EC0-301F-11D3-BF4B-00C04F79EFBC}") = "dotNet5781_00_6671_6650", "dotNet5781_00_6671_6650\dotNet5781_00_6671_6650.csproj", "{4BFF8915-59BF-401D-98F9-1EA16EE764DE}"
EndProject
Project("{FAE04EC0-301F-11D3-BF4B-00C04F79EFBC}") = "dotNet5781_01_6671_6650", "dotNet5781_01_6671_6650\dotNet5781_01_6671_6650.csproj", "{E350703F-58EF-4B95-8799-B035EF273EA1}"
EndProject
Global
	GlobalSection(SolutionConfigurationPlatforms) = preSolution
		Debug|Any CPU = Debug|Any CPU
		Release|Any CPU = Release|Any CPU
	EndGlobalSection
	GlobalSection(ProjectConfigurationPlatforms) = postSolution
		{4BFF8915-59BF-401D-98F9-1EA16EE764DE}.Debug|Any CPU.ActiveCfg = Debug|Any CPU
		{4BFF8915-59BF-401D-98F9-1EA16EE764DE}.Debug|Any CPU.Build.0 = Debug|Any CPU
		{4BFF8915-59BF-401D-98F9-1EA16EE764DE}.Release|Any CPU.ActiveCfg = Release|Any CPU
		{4BFF8915-59BF-401D-98F9-1EA16EE764DE}.Release|Any CPU.Build.0 = Release|Any CPU
		{E350703F-58EF-4B95-8799-B035EF273EA1}.Debug|Any CPU.ActiveCfg = Debug|Any CPU
		{E350703F-58EF-4B95-8799-B035EF273EA1}.Debug|Any CPU.Build.0 = Debug|Any CPU
		{E350703F-58EF-4B95-8799-B035EF273EA1}.Release|Any CPU.ActiveCfg = Release|Any CPU
		{E350703F-58EF-4B95-8799-B035EF273EA1}.Release|Any CPU.Build.0 = Release|Any CPU
	EndGlobalSection
	GlobalSection(SolutionProperties) = preSolution
		HideSolutionNode = FALSE
	EndGlobalSection
	GlobalSection(ExtensibilityGlobals) = postSolution
		SolutionGuid = {750C03F0-5FE4-496B-8269-19F118EE6C26}
	EndGlobalSection
EndGlobal
